
Microsoft Visual Studio Solution File, Format Version 12.00
# Visual Studio Version 16
VisualStudioVersion = 16.0.29102.190
MinimumVisualStudioVersion = 10.0.40219.1
Project("{FAE04EC0-301F-11D3-BF4B-00C04F79EFBC}") = "CSharp8", "CSharp8.csproj", "{D0DAA695-2411-4F6B-ACE2-894A46DE4F41}"
EndProject
Global
	GlobalSection(SolutionConfigurationPlatforms) = preSolution
		Debug|Any CPU = Debug|Any CPU
		Release|Any CPU = Release|Any CPU
	EndGlobalSection
	GlobalSection(ProjectConfigurationPlatforms) = postSolution
		{D0DAA695-2411-4F6B-ACE2-894A46DE4F41}.Debug|Any CPU.ActiveCfg = Debug|Any CPU
		{D0DAA695-2411-4F6B-ACE2-894A46DE4F41}.Debug|Any CPU.Build.0 = Debug|Any CPU
		{D0DAA695-2411-4F6B-ACE2-894A46DE4F41}.Release|Any CPU.ActiveCfg = Release|Any CPU
		{D0DAA695-2411-4F6B-ACE2-894A46DE4F41}.Release|Any CPU.Build.0 = Release|Any CPU
	EndGlobalSection
	GlobalSection(SolutionProperties) = preSolution
		HideSolutionNode = FALSE
	EndGlobalSection
	GlobalSection(ExtensibilityGlobals) = postSolution
		SolutionGuid = {CB9E4B5F-5026-4832-A15D-A82D7F5F0D65}
	EndGlobalSection
EndGlobal
